
Microsoft Visual Studio Solution File, Format Version 12.00
# Visual Studio Version 17
VisualStudioVersion = 17.9.34607.119
MinimumVisualStudioVersion = 10.0.40219.1
Project("{2150E333-8FDC-42A3-9474-1A3956D46DE8}") = "1-SRC-Principle", "1-SRC-Principle", "{69D04C49-839D-4045-9800-1C5FA40B98AA}"
EndProject
Project("{FAE04EC0-301F-11D3-BF4B-00C04F79EFBC}") = "SRC-Principle", "SRC-Principle\SRC-Principle.csproj", "{86B0762E-D9C0-4768-9F63-568418A9FAAB}"
EndProject
Project("{2150E333-8FDC-42A3-9474-1A3956D46DE8}") = "2-OCP-Principle", "2-OCP-Principle", "{6C333810-6B26-4A1D-A97E-68B4B768B1BE}"
EndProject
Project("{FAE04EC0-301F-11D3-BF4B-00C04F79EFBC}") = "OCP-Principle", "OCP-Principle\OCP-Principle.csproj", "{59CC0372-204E-42F1-8F5C-05C11F02CE56}"
EndProject
Global
	GlobalSection(SolutionConfigurationPlatforms) = preSolution
		Debug|Any CPU = Debug|Any CPU
		Release|Any CPU = Release|Any CPU
	EndGlobalSection
	GlobalSection(ProjectConfigurationPlatforms) = postSolution
		{86B0762E-D9C0-4768-9F63-568418A9FAAB}.Debug|Any CPU.ActiveCfg = Debug|Any CPU
		{86B0762E-D9C0-4768-9F63-568418A9FAAB}.Debug|Any CPU.Build.0 = Debug|Any CPU
		{86B0762E-D9C0-4768-9F63-568418A9FAAB}.Release|Any CPU.ActiveCfg = Release|Any CPU
		{86B0762E-D9C0-4768-9F63-568418A9FAAB}.Release|Any CPU.Build.0 = Release|Any CPU
		{59CC0372-204E-42F1-8F5C-05C11F02CE56}.Debug|Any CPU.ActiveCfg = Debug|Any CPU
		{59CC0372-204E-42F1-8F5C-05C11F02CE56}.Debug|Any CPU.Build.0 = Debug|Any CPU
		{59CC0372-204E-42F1-8F5C-05C11F02CE56}.Release|Any CPU.ActiveCfg = Release|Any CPU
		{59CC0372-204E-42F1-8F5C-05C11F02CE56}.Release|Any CPU.Build.0 = Release|Any CPU
	EndGlobalSection
	GlobalSection(SolutionProperties) = preSolution
		HideSolutionNode = FALSE
	EndGlobalSection
	GlobalSection(NestedProjects) = preSolution
		{86B0762E-D9C0-4768-9F63-568418A9FAAB} = {69D04C49-839D-4045-9800-1C5FA40B98AA}
		{59CC0372-204E-42F1-8F5C-05C11F02CE56} = {6C333810-6B26-4A1D-A97E-68B4B768B1BE}
	EndGlobalSection
	GlobalSection(ExtensibilityGlobals) = postSolution
		SolutionGuid = {170BAB18-D806-499D-98B7-A3905C82363B}
	EndGlobalSection
EndGlobal
